
Microsoft Visual Studio Solution File, Format Version 12.00
# Visual Studio Version 16
VisualStudioVersion = 16.0.29230.47
MinimumVisualStudioVersion = 10.0.40219.1
Project("{8BC9CEB8-8B4A-11D0-8D11-00A0C91BC942}") = "EntranceGuard", "EntranceGuard\EntranceGuard.vcxproj", "{B12702AD-ABFB-343A-A199-8E24837244A3}"
EndProject
Project("{8BC9CEB8-8B4A-11D0-8D11-00A0C91BC942}") = "json", "json\json.vcxproj", "{3CDFD0AE-14B0-462D-90DD-D5C2F8A8A5C9}"
EndProject
Project("{FAE04EC0-301F-11D3-BF4B-00C04F79EFBC}") = "ReadPicDll", "ReadPicDll\ReadPicDll.csproj", "{23CFBF56-A752-446F-9CEC-384357296E49}"
EndProject
Project("{8BC9CEB8-8B4A-11D0-8D11-00A0C91BC942}") = "ReadPic", "c++_clr\c++_clr.vcxproj", "{99F7ED91-756A-497B-8DA1-8C5D1D8B4303}"
EndProject
Global
	GlobalSection(SolutionConfigurationPlatforms) = preSolution
		Debug|Any CPU = Debug|Any CPU
		Debug|x64 = Debug|x64
		Debug|x86 = Debug|x86
		Release|Any CPU = Release|Any CPU
		Release|x64 = Release|x64
		Release|x86 = Release|x86
	EndGlobalSection
	GlobalSection(ProjectConfigurationPlatforms) = postSolution
		{B12702AD-ABFB-343A-A199-8E24837244A3}.Debug|Any CPU.ActiveCfg = Debug|Win32
		{B12702AD-ABFB-343A-A199-8E24837244A3}.Debug|x64.ActiveCfg = Debug|Win32
		{B12702AD-ABFB-343A-A199-8E24837244A3}.Debug|x86.ActiveCfg = Debug|Win32
		{B12702AD-ABFB-343A-A199-8E24837244A3}.Debug|x86.Build.0 = Debug|Win32
		{B12702AD-ABFB-343A-A199-8E24837244A3}.Release|Any CPU.ActiveCfg = Release|Win32
		{B12702AD-ABFB-343A-A199-8E24837244A3}.Release|x64.ActiveCfg = Release|Win32
		{B12702AD-ABFB-343A-A199-8E24837244A3}.Release|x86.ActiveCfg = Release|Win32
		{B12702AD-ABFB-343A-A199-8E24837244A3}.Release|x86.Build.0 = Release|Win32
		{3CDFD0AE-14B0-462D-90DD-D5C2F8A8A5C9}.Debug|Any CPU.ActiveCfg = Debug|Win32
		{3CDFD0AE-14B0-462D-90DD-D5C2F8A8A5C9}.Debug|x64.ActiveCfg = Debug|x64
		{3CDFD0AE-14B0-462D-90DD-D5C2F8A8A5C9}.Debug|x64.Build.0 = Debug|x64
		{3CDFD0AE-14B0-462D-90DD-D5C2F8A8A5C9}.Debug|x86.ActiveCfg = Release|Win32
		{3CDFD0AE-14B0-462D-90DD-D5C2F8A8A5C9}.Debug|x86.Build.0 = Release|Win32
		{3CDFD0AE-14B0-462D-90DD-D5C2F8A8A5C9}.Release|Any CPU.ActiveCfg = Release|Win32
		{3CDFD0AE-14B0-462D-90DD-D5C2F8A8A5C9}.Release|x64.ActiveCfg = Release|x64
		{3CDFD0AE-14B0-462D-90DD-D5C2F8A8A5C9}.Release|x64.Build.0 = Release|x64
		{3CDFD0AE-14B0-462D-90DD-D5C2F8A8A5C9}.Release|x86.ActiveCfg = Release|Win32
		{3CDFD0AE-14B0-462D-90DD-D5C2F8A8A5C9}.Release|x86.Build.0 = Release|Win32
		{23CFBF56-A752-446F-9CEC-384357296E49}.Debug|Any CPU.ActiveCfg = Debug|Any CPU
		{23CFBF56-A752-446F-9CEC-384357296E49}.Debug|Any CPU.Build.0 = Debug|Any CPU
		{23CFBF56-A752-446F-9CEC-384357296E49}.Debug|x64.ActiveCfg = Debug|Any CPU
		{23CFBF56-A752-446F-9CEC-384357296E49}.Debug|x64.Build.0 = Debug|Any CPU
		{23CFBF56-A752-446F-9CEC-384357296E49}.Debug|x86.ActiveCfg = Release|Any CPU
		{23CFBF56-A752-446F-9CEC-384357296E49}.Debug|x86.Build.0 = Release|Any CPU
		{23CFBF56-A752-446F-9CEC-384357296E49}.Release|Any CPU.ActiveCfg = Release|Any CPU
		{23CFBF56-A752-446F-9CEC-384357296E49}.Release|Any CPU.Build.0 = Release|Any CPU
		{23CFBF56-A752-446F-9CEC-384357296E49}.Release|x64.ActiveCfg = Release|Any CPU
		{23CFBF56-A752-446F-9CEC-384357296E49}.Release|x64.Build.0 = Release|Any CPU
		{23CFBF56-A752-446F-9CEC-384357296E49}.Release|x86.ActiveCfg = Release|Any CPU
		{23CFBF56-A752-446F-9CEC-384357296E49}.Release|x86.Build.0 = Release|Any CPU
		{99F7ED91-756A-497B-8DA1-8C5D1D8B4303}.Debug|Any CPU.ActiveCfg = Debug|Win32
		{99F7ED91-756A-497B-8DA1-8C5D1D8B4303}.Debug|x64.ActiveCfg = Debug|x64
		{99F7ED91-756A-497B-8DA1-8C5D1D8B4303}.Debug|x64.Build.0 = Debug|x64
		{99F7ED91-756A-497B-8DA1-8C5D1D8B4303}.Debug|x86.ActiveCfg = Release|Win32
		{99F7ED91-756A-497B-8DA1-8C5D1D8B4303}.Debug|x86.Build.0 = Release|Win32
		{99F7ED91-756A-497B-8DA1-8C5D1D8B4303}.Release|Any CPU.ActiveCfg = Release|Win32
		{99F7ED91-756A-497B-8DA1-8C5D1D8B4303}.Release|x64.ActiveCfg = Release|x64
		{99F7ED91-756A-497B-8DA1-8C5D1D8B4303}.Release|x64.Build.0 = Release|x64
		{99F7ED91-756A-497B-8DA1-8C5D1D8B4303}.Release|x86.ActiveCfg = Release|Win32
		{99F7ED91-756A-497B-8DA1-8C5D1D8B4303}.Release|x86.Build.0 = Release|Win32
	EndGlobalSection
	GlobalSection(SolutionProperties) = preSolution
		HideSolutionNode = FALSE
	EndGlobalSection
	GlobalSection(ExtensibilityGlobals) = postSolution
		SolutionGuid = {EB2D6FEA-DC55-4181-9DF4-6E25A595185E}
	EndGlobalSection
EndGlobal
