<?xml version="1.0" encoding="utf-8"?>
<Project ToolsVersion="4.0" xmlns="http://schemas.microsoft.com/developer/msbuild/2003">
  <ItemGroup>
    <Filter Include="Source Files">
      <UniqueIdentifier>{4FC737F1-C7A5-4376-A066-2A32D752A2FF}</UniqueIdentifier>
      <Extensions>cpp;c;cc;cxx;def;odl;idl;hpj;bat;asm;asmx</Extensions>
    </Filter>
    <Filter Include="Header Files">
      <UniqueIdentifier>{93995380-89BD-4b04-88EB-625FBE52EBFB}</UniqueIdentifier>
      <Extensions>h;hh;hpp;hxx;hm;inl;inc;xsd</Extensions>
    </Filter>
    <Filter Include="Resource Files">
      <UniqueIdentifier>{D9D6E242-F8AF-46E4-B9FD-80ECBC20BA3E}</UniqueIdentifier>
      <Extensions>qrc;*</Extensions>
      <ParseFiles>false</ParseFiles>
    </Filter>
    <Filter Include="Form Files">
      <UniqueIdentifier>{99349809-55BA-4b9d-BF79-8FDBB0286EB3}</UniqueIdentifier>
      <Extensions>ui</Extensions>
    </Filter>
    <Filter Include="Resource Files">
      <UniqueIdentifier>{D9D6E242-F8AF-46E4-B9FD-80ECBC20BA3E}</UniqueIdentifier>
      <Extensions>qrc;*</Extensions>
      <ParseFiles>false</ParseFiles>
    </Filter>
    <Filter Include="Generated Files">
      <UniqueIdentifier>{71ED8ED8-ACB9-4CE9-BBE1-E00B30144E11}</UniqueIdentifier>
      <Extensions>moc;h;cpp</Extensions>
      <SourceControlFiles>False</SourceControlFiles>
    </Filter>
  </ItemGroup>
  <ItemGroup>
    <ClCompile Include="main.cpp">
      <Filter>Source Files</Filter>
    </ClCompile>
    <ClCompile Include="EntranceGuard\EntranceGuard.cpp">
      <Filter>Source Files</Filter>
    </ClCompile>
    <ClCompile Include="EntranceGuard\fmMenJinLogin.cpp">
      <Filter>Source Files</Filter>
    </ClCompile>
    <ClCompile Include="EntranceGuard\fmAddUser.cpp">
      <Filter>Source Files</Filter>
    </ClCompile>
    <ClCompile Include="Public\PublicDefine.cpp">
      <Filter>Source Files</Filter>
    </ClCompile>
    <ClCompile Include="Utils\utils.cpp">
      <Filter>Source Files</Filter>
    </ClCompile>
    <ClCompile Include="EntranceGuard\fmChangeUser.cpp">
      <Filter>Source Files</Filter>
    </ClCompile>
    <ClCompile Include="EntranceGuard\CHttpRequest.cpp">
      <Filter>Source Files</Filter>
    </ClCompile>
  </ItemGroup>
  <ItemGroup>
    <QtUic Include="ui\EntranceGuard.ui">
      <Filter>Form Files</Filter>
    </QtUic>
    <QtUic Include="ui\fmMenJinLogin.ui">
      <Filter>Form Files</Filter>
    </QtUic>
    <QtUic Include="ui\fmAddUser.ui">
      <Filter>Form Files</Filter>
    </QtUic>
    <QtUic Include="ui\fmChangeUser.ui">
      <Filter>Form Files</Filter>
    </QtUic>
  </ItemGroup>
  <ItemGroup>
    <QtMoc Include="EntranceGuard\EntranceGuard.h">
      <Filter>Header Files</Filter>
    </QtMoc>
    <QtMoc Include="EntranceGuard\fmMenJinLogin.h">
      <Filter>Header Files</Filter>
    </QtMoc>
    <QtMoc Include="EntranceGuard\fmAddUser.h">
      <Filter>Header Files</Filter>
    </QtMoc>
    <QtMoc Include="EntranceGuard\fmChangeUser.h">
      <Filter>Header Files</Filter>
    </QtMoc>
  </ItemGroup>
  <ItemGroup>
    <ClInclude Include="HIKSDK\DataType.h">
      <Filter>Header Files</Filter>
    </ClInclude>
    <ClInclude Include="HIKSDK\DecodeCardSdk.h">
      <Filter>Header Files</Filter>
    </ClInclude>
    <ClInclude Include="HIKSDK\HCNetSDK.h">
      <Filter>Header Files</Filter>
    </ClInclude>
    <ClInclude Include="HIKSDK\plaympeg4.h">
      <Filter>Header Files</Filter>
    </ClInclude>
    <ClInclude Include="Public\PublicDefine.h">
      <Filter>Header Files</Filter>
    </ClInclude>
    <ClInclude Include="Utils\json.h">
      <Filter>Header Files</Filter>
    </ClInclude>
    <ClInclude Include="Utils\utils.h">
      <Filter>Header Files</Filter>
    </ClInclude>
    <ClInclude Include="Utils\template.h">
      <Filter>Header Files</Filter>
    </ClInclude>
    <ClInclude Include="EntranceGuard\CHttpRequest.h">
      <Filter>Header Files</Filter>
    </ClInclude>
    <ClInclude Include="ui_EntranceGuard.h">
      <Filter>Header Files</Filter>
    </ClInclude>
    <ClInclude Include="ui_fmAddUser.h">
      <Filter>Header Files</Filter>
    </ClInclude>
    <ClInclude Include="ui_fmChangeUser.h">
      <Filter>Header Files</Filter>
    </ClInclude>
    <ClInclude Include="ui_fmMenJinLogin.h">
      <Filter>Header Files</Filter>
    </ClInclude>
  </ItemGroup>
  <ItemGroup>
    <Image Include="Resources\image\main.png">
      <Filter>Resource Files</Filter>
    </Image>
  </ItemGroup>
  <ItemGroup>
    <None Include="EntranceGuard.aps" />
    <None Include="Config\config.ini" />
  </ItemGroup>
  <ItemGroup>
    <QtRcc Include="ui\EntranceGuard.qrc">
      <Filter>Resource Files</Filter>
    </QtRcc>
  </ItemGroup>
</Project>